// !$*UTF8*$!
{
	archiveVersion = 1;
	classes = {
	};
	objectVersion = 46;
	objects = {

/* Begin PBXBuildFile section */
		188D30D21E31B127006F37F6 /* AppDelegate.swift in Sources */ = {isa = PBXBuildFile; fileRef = 188D30D11E31B127006F37F6 /* AppDelegate.swift */; };
		188D30D41E31B127006F37F6 /* FirstViewController.swift in Sources */ = {isa = PBXBuildFile; fileRef = 188D30D31E31B127006F37F6 /* FirstViewController.swift */; };
		188D30D61E31B127006F37F6 /* SecondViewController.swift in Sources */ = {isa = PBXBuildFile; fileRef = 188D30D51E31B127006F37F6 /* SecondViewController.swift */; };
		188D30D91E31B127006F37F6 /* Main.storyboard in Resources */ = {isa = PBXBuildFile; fileRef = 188D30D71E31B127006F37F6 /* Main.storyboard */; };
		188D30DB1E31B127006F37F6 /* Assets.xcassets in Resources */ = {isa = PBXBuildFile; fileRef = 188D30DA1E31B127006F37F6 /* Assets.xcassets */; };
		188D30DE1E31B127006F37F6 /* LaunchScreen.storyboard in Resources */ = {isa = PBXBuildFile; fileRef = 188D30DC1E31B127006F37F6 /* LaunchScreen.storyboard */; };
		188D30E71E31B263006F37F6 /* ThirdViewController.swift in Sources */ = {isa = PBXBuildFile; fileRef = 188D30E61E31B263006F37F6 /* ThirdViewController.swift */; };
		188D30ED1E31B2A4006F37F6 /* FirstCell.swift in Sources */ = {isa = PBXBuildFile; fileRef = 188D30EB1E31B2A4006F37F6 /* FirstCell.swift */; };
		188D30EE1E31B2A4006F37F6 /* FirstCell.xib in Resources */ = {isa = PBXBuildFile; fileRef = 188D30EC1E31B2A4006F37F6 /* FirstCell.xib */; };
		188D30FA1E31B5D8006F37F6 /* 1.jpg in Resources */ = {isa = PBXBuildFile; fileRef = 188D30F01E31B5D8006F37F6 /* 1.jpg */; };
		188D30FB1E31B5D8006F37F6 /* 10.jpg in Resources */ = {isa = PBXBuildFile; fileRef = 188D30F11E31B5D8006F37F6 /* 10.jpg */; };
		188D30FC1E31B5D8006F37F6 /* 2.jpg in Resources */ = {isa = PBXBuildFile; fileRef = 188D30F21E31B5D8006F37F6 /* 2.jpg */; };
		188D30FD1E31B5D8006F37F6 /* 3.jpg in Resources */ = {isa = PBXBuildFile; fileRef = 188D30F31E31B5D8006F37F6 /* 3.jpg */; };
		188D30FE1E31B5D8006F37F6 /* 4.jpg in Resources */ = {isa = PBXBuildFile; fileRef = 188D30F41E31B5D8006F37F6 /* 4.jpg */; };
		188D30FF1E31B5D8006F37F6 /* 5.jpg in Resources */ = {isa = PBXBuildFile; fileRef = 188D30F51E31B5D8006F37F6 /* 5.jpg */; };
		188D31001E31B5D8006F37F6 /* 6.jpg in Resources */ = {isa = PBXBuildFile; fileRef = 188D30F61E31B5D8006F37F6 /* 6.jpg */; };
		188D31021E31B5D8006F37F6 /* 8.jpg in Resources */ = {isa = PBXBuildFile; fileRef = 188D30F81E31B5D8006F37F6 /* 8.jpg */; };
		188D31031E31B5D8006F37F6 /* 9.jpg in Resources */ = {isa = PBXBuildFile; fileRef = 188D30F91E31B5D8006F37F6 /* 9.jpg */; };
		188D31061E320257006F37F6 /* FourthViewController.swift in Sources */ = {isa = PBXBuildFile; fileRef = 188D31051E320257006F37F6 /* FourthViewController.swift */; };
		18BE070F1E34485A001316A5 /* FirstData.plist in Resources */ = {isa = PBXBuildFile; fileRef = 18BE070E1E34485A001316A5 /* FirstData.plist */; };
		18BE07111E3454B8001316A5 /* 7.jpg in Resources */ = {isa = PBXBuildFile; fileRef = 18BE07101E3454B8001316A5 /* 7.jpg */; };
		18BE07141E34579E001316A5 /* BaseTableViewController.swift in Sources */ = {isa = PBXBuildFile; fileRef = 18BE07131E34579E001316A5 /* BaseTableViewController.swift */; };
		18BE07161E3457AD001316A5 /* BaseCell.swift in Sources */ = {isa = PBXBuildFile; fileRef = 18BE07151E3457AD001316A5 /* BaseCell.swift */; };
		18BE071B1E345B17001316A5 /* MenuAddImageCell.swift in Sources */ = {isa = PBXBuildFile; fileRef = 18BE07171E345B17001316A5 /* MenuAddImageCell.swift */; };
		18BE071C1E345B17001316A5 /* MenuAddImageCell.xib in Resources */ = {isa = PBXBuildFile; fileRef = 18BE07181E345B17001316A5 /* MenuAddImageCell.xib */; };
		18BE071D1E345B17001316A5 /* MenuAddTextCell.swift in Sources */ = {isa = PBXBuildFile; fileRef = 18BE07191E345B17001316A5 /* MenuAddTextCell.swift */; };
		18BE071E1E345B17001316A5 /* MenuAddTextCell.xib in Resources */ = {isa = PBXBuildFile; fileRef = 18BE071A1E345B17001316A5 /* MenuAddTextCell.xib */; };
/* End PBXBuildFile section */

/* Begin PBXFileReference section */
		188D30CE1E31B127006F37F6 /* AutolayoutTableView.app */ = {isa = PBXFileReference; explicitFileType = wrapper.application; includeInIndex = 0; path = AutolayoutTableView.app; sourceTree = BUILT_PRODUCTS_DIR; };
		188D30D11E31B127006F37F6 /* AppDelegate.swift */ = {isa = PBXFileReference; lastKnownFileType = sourcecode.swift; path = AppDelegate.swift; sourceTree = "<group>"; };
		188D30D31E31B127006F37F6 /* FirstViewController.swift */ = {isa = PBXFileReference; lastKnownFileType = sourcecode.swift; path = FirstViewController.swift; sourceTree = "<group>"; };
		188D30D51E31B127006F37F6 /* SecondViewController.swift */ = {isa = PBXFileReference; lastKnownFileType = sourcecode.swift; path = SecondViewController.swift; sourceTree = "<group>"; };
		188D30D81E31B127006F37F6 /* Base */ = {isa = PBXFileReference; lastKnownFileType = file.storyboard; name = Base; path = Base.lproj/Main.storyboard; sourceTree = "<group>"; };
		188D30DA1E31B127006F37F6 /* Assets.xcassets */ = {isa = PBXFileReference; lastKnownFileType = folder.assetcatalog; path = Assets.xcassets; sourceTree = "<group>"; };
		188D30DD1E31B127006F37F6 /* Base */ = {isa = PBXFileReference; lastKnownFileType = file.storyboard; name = Base; path = Base.lproj/LaunchScreen.storyboard; sourceTree = "<group>"; };
		188D30DF1E31B127006F37F6 /* Info.plist */ = {isa = PBXFileReference; lastKnownFileType = text.plist.xml; path = Info.plist; sourceTree = "<group>"; };
		188D30E51E31B143006F37F6 /* MyPlayground.playground */ = {isa = PBXFileReference; lastKnownFileType = file.playground; path = MyPlayground.playground; sourceTree = "<group>"; };
		188D30E61E31B263006F37F6 /* ThirdViewController.swift */ = {isa = PBXFileReference; fileEncoding = 4; lastKnownFileType = sourcecode.swift; path = ThirdViewController.swift; sourceTree = "<group>"; };
		188D30EB1E31B2A4006F37F6 /* FirstCell.swift */ = {isa = PBXFileReference; fileEncoding = 4; lastKnownFileType = sourcecode.swift; path = FirstCell.swift; sourceTree = "<group>"; };
		188D30EC1E31B2A4006F37F6 /* FirstCell.xib */ = {isa = PBXFileReference; fileEncoding = 4; lastKnownFileType = file.xib; path = FirstCell.xib; sourceTree = "<group>"; };
		188D30F01E31B5D8006F37F6 /* 1.jpg */ = {isa = PBXFileReference; lastKnownFileType = image.jpeg; path = 1.jpg; sourceTree = "<group>"; };
		188D30F11E31B5D8006F37F6 /* 10.jpg */ = {isa = PBXFileReference; lastKnownFileType = image.jpeg; path = 10.jpg; sourceTree = "<group>"; };
		188D30F21E31B5D8006F37F6 /* 2.jpg */ = {isa = PBXFileReference; lastKnownFileType = image.jpeg; path = 2.jpg; sourceTree = "<group>"; };
		188D30F31E31B5D8006F37F6 /* 3.jpg */ = {isa = PBXFileReference; lastKnownFileType = image.jpeg; path = 3.jpg; sourceTree = "<group>"; };
		188D30F41E31B5D8006F37F6 /* 4.jpg */ = {isa = PBXFileReference; lastKnownFileType = image.jpeg; path = 4.jpg; sourceTree = "<group>"; };
		188D30F51E31B5D8006F37F6 /* 5.jpg */ = {isa = PBXFileReference; lastKnownFileType = image.jpeg; path = 5.jpg; sourceTree = "<group>"; };
		188D30F61E31B5D8006F37F6 /* 6.jpg */ = {isa = PBXFileReference; lastKnownFileType = image.jpeg; path = 6.jpg; sourceTree = "<group>"; };
		188D30F81E31B5D8006F37F6 /* 8.jpg */ = {isa = PBXFileReference; lastKnownFileType = image.jpeg; path = 8.jpg; sourceTree = "<group>"; };
		188D30F91E31B5D8006F37F6 /* 9.jpg */ = {isa = PBXFileReference; lastKnownFileType = image.jpeg; path = 9.jpg; sourceTree = "<group>"; };
		188D31051E320257006F37F6 /* FourthViewController.swift */ = {isa = PBXFileReference; fileEncoding = 4; lastKnownFileType = sourcecode.swift; path = FourthViewController.swift; sourceTree = "<group>"; };
		18BE070E1E34485A001316A5 /* FirstData.plist */ = {isa = PBXFileReference; fileEncoding = 4; lastKnownFileType = text.plist.xml; path = FirstData.plist; sourceTree = "<group>"; };
		18BE07101E3454B8001316A5 /* 7.jpg */ = {isa = PBXFileReference; lastKnownFileType = image.jpeg; path = 7.jpg; sourceTree = "<group>"; };
		18BE07131E34579E001316A5 /* BaseTableViewController.swift */ = {isa = PBXFileReference; fileEncoding = 4; lastKnownFileType = sourcecode.swift; path = BaseTableViewController.swift; sourceTree = "<group>"; };
		18BE07151E3457AD001316A5 /* BaseCell.swift */ = {isa = PBXFileReference; fileEncoding = 4; lastKnownFileType = sourcecode.swift; path = BaseCell.swift; sourceTree = "<group>"; };
		18BE07171E345B17001316A5 /* MenuAddImageCell.swift */ = {isa = PBXFileReference; fileEncoding = 4; lastKnownFileType = sourcecode.swift; path = MenuAddImageCell.swift; sourceTree = "<group>"; };
		18BE07181E345B17001316A5 /* MenuAddImageCell.xib */ = {isa = PBXFileReference; fileEncoding = 4; lastKnownFileType = file.xib; path = MenuAddImageCell.xib; sourceTree = "<group>"; };
		18BE07191E345B17001316A5 /* MenuAddTextCell.swift */ = {isa = PBXFileReference; fileEncoding = 4; lastKnownFileType = sourcecode.swift; path = MenuAddTextCell.swift; sourceTree = "<group>"; };
		18BE071A1E345B17001316A5 /* MenuAddTextCell.xib */ = {isa = PBXFileReference; fileEncoding = 4; lastKnownFileType = file.xib; path = MenuAddTextCell.xib; sourceTree = "<group>"; };
/* End PBXFileReference section */

/* Begin PBXFrameworksBuildPhase section */
		188D30CB1E31B127006F37F6 /* Frameworks */ = {
			isa = PBXFrameworksBuildPhase;
			buildActionMask = 2147483647;
			files = (
			);
			runOnlyForDeploymentPostprocessing = 0;
		};
/* End PBXFrameworksBuildPhase section */

/* Begin PBXGroup section */
		188D30C51E31B127006F37F6 = {
			isa = PBXGroup;
			children = (
				188D30D01E31B127006F37F6 /* AutolayoutTableView */,
				188D30CF1E31B127006F37F6 /* Products */,
			);
			sourceTree = "<group>";
		};
		188D30CF1E31B127006F37F6 /* Products */ = {
			isa = PBXGroup;
			children = (
				188D30CE1E31B127006F37F6 /* AutolayoutTableView.app */,
			);
			name = Products;
			sourceTree = "<group>";
		};
		188D30D01E31B127006F37F6 /* AutolayoutTableView */ = {
			isa = PBXGroup;
			children = (
				18BE07121E34577D001316A5 /* Base */,
				188D30EF1E31B5D8006F37F6 /* images */,
				188D30E81E31B272006F37F6 /* First */,
				188D31041E320242006F37F6 /* Fourth */,
				188D30EA1E31B284006F37F6 /* Third */,
				188D30E91E31B27D006F37F6 /* Second */,
				188D30D11E31B127006F37F6 /* AppDelegate.swift */,
				188D30D71E31B127006F37F6 /* Main.storyboard */,
				188D30E51E31B143006F37F6 /* MyPlayground.playground */,
				188D30DA1E31B127006F37F6 /* Assets.xcassets */,
				188D30DC1E31B127006F37F6 /* LaunchScreen.storyboard */,
				188D30DF1E31B127006F37F6 /* Info.plist */,
			);
			path = AutolayoutTableView;
			sourceTree = "<group>";
		};
		188D30E81E31B272006F37F6 /* First */ = {
			isa = PBXGroup;
			children = (
				188D30D31E31B127006F37F6 /* FirstViewController.swift */,
				18BE070E1E34485A001316A5 /* FirstData.plist */,
				188D30EB1E31B2A4006F37F6 /* FirstCell.swift */,
				188D30EC1E31B2A4006F37F6 /* FirstCell.xib */,
			);
			name = First;
			sourceTree = "<group>";
		};
		188D30E91E31B27D006F37F6 /* Second */ = {
			isa = PBXGroup;
			children = (
				188D30D51E31B127006F37F6 /* SecondViewController.swift */,
				18BE07201E346156001316A5 /* View */,
			);
			name = Second;
			sourceTree = "<group>";
		};
		188D30EA1E31B284006F37F6 /* Third */ = {
			isa = PBXGroup;
			children = (
				188D30E61E31B263006F37F6 /* ThirdViewController.swift */,
			);
			name = Third;
			sourceTree = "<group>";
		};
		188D30EF1E31B5D8006F37F6 /* images */ = {
			isa = PBXGroup;
			children = (
				188D30F01E31B5D8006F37F6 /* 1.jpg */,
				188D30F11E31B5D8006F37F6 /* 10.jpg */,
				188D30F21E31B5D8006F37F6 /* 2.jpg */,
				188D30F31E31B5D8006F37F6 /* 3.jpg */,
				188D30F41E31B5D8006F37F6 /* 4.jpg */,
				188D30F51E31B5D8006F37F6 /* 5.jpg */,
				188D30F61E31B5D8006F37F6 /* 6.jpg */,
				18BE07101E3454B8001316A5 /* 7.jpg */,
				188D30F81E31B5D8006F37F6 /* 8.jpg */,
				188D30F91E31B5D8006F37F6 /* 9.jpg */,
			);
			path = images;
			sourceTree = "<group>";
		};
		188D31041E320242006F37F6 /* Fourth */ = {
			isa = PBXGroup;
			children = (
				188D31051E320257006F37F6 /* FourthViewController.swift */,
			);
			name = Fourth;
			sourceTree = "<group>";
		};
		18BE07121E34577D001316A5 /* Base */ = {
			isa = PBXGroup;
			children = (
				18BE07131E34579E001316A5 /* BaseTableViewController.swift */,
				18BE07151E3457AD001316A5 /* BaseCell.swift */,
			);
			name = Base;
			sourceTree = "<group>";
		};
		18BE07201E346156001316A5 /* View */ = {
			isa = PBXGroup;
			children = (
				18BE07171E345B17001316A5 /* MenuAddImageCell.swift */,
				18BE07181E345B17001316A5 /* MenuAddImageCell.xib */,
				18BE07191E345B17001316A5 /* MenuAddTextCell.swift */,
				18BE071A1E345B17001316A5 /* MenuAddTextCell.xib */,
			);
			name = View;
			sourceTree = "<group>";
		};
/* End PBXGroup section */

/* Begin PBXNativeTarget section */
		188D30CD1E31B127006F37F6 /* AutolayoutTableView */ = {
			isa = PBXNativeTarget;
			buildConfigurationList = 188D30E21E31B127006F37F6 /* Build configuration list for PBXNativeTarget "AutolayoutTableView" */;
			buildPhases = (
				188D30CA1E31B127006F37F6 /* Sources */,
				188D30CB1E31B127006F37F6 /* Frameworks */,
				188D30CC1E31B127006F37F6 /* Resources */,
			);
			buildRules = (
			);
			dependencies = (
			);
			name = AutolayoutTableView;
			productName = AutolayoutTableView;
			productReference = 188D30CE1E31B127006F37F6 /* AutolayoutTableView.app */;
			productType = "com.apple.product-type.application";
		};
/* End PBXNativeTarget section */

/* Begin PBXProject section */
		188D30C61E31B127006F37F6 /* Project object */ = {
			isa = PBXProject;
			attributes = {
				LastSwiftUpdateCheck = 0820;
				LastUpgradeCheck = 0820;
				ORGANIZATIONNAME = yidian;
				TargetAttributes = {
					188D30CD1E31B127006F37F6 = {
						CreatedOnToolsVersion = 8.2.1;
						DevelopmentTeam = 85B847V8ZH;
						ProvisioningStyle = Automatic;
					};
				};
			};
			buildConfigurationList = 188D30C91E31B127006F37F6 /* Build configuration list for PBXProject "AutolayoutTableView" */;
			compatibilityVersion = "Xcode 3.2";
			developmentRegion = English;
			hasScannedForEncodings = 0;
			knownRegions = (
				en,
				Base,
			);
			mainGroup = 188D30C51E31B127006F37F6;
			productRefGroup = 188D30CF1E31B127006F37F6 /* Products */;
			projectDirPath = "";
			projectRoot = "";
			targets = (
				188D30CD1E31B127006F37F6 /* AutolayoutTableView */,
			);
		};
/* End PBXProject section */

/* Begin PBXResourcesBuildPhase section */
		188D30CC1E31B127006F37F6 /* Resources */ = {
			isa = PBXResourcesBuildPhase;
			buildActionMask = 2147483647;
			files = (
				188D31001E31B5D8006F37F6 /* 6.jpg in Resources */,
				188D30DE1E31B127006F37F6 /* LaunchScreen.storyboard in Resources */,
				188D30FF1E31B5D8006F37F6 /* 5.jpg in Resources */,
				188D30DB1E31B127006F37F6 /* Assets.xcassets in Resources */,
				188D31021E31B5D8006F37F6 /* 8.jpg in Resources */,
				188D30FC1E31B5D8006F37F6 /* 2.jpg in Resources */,
				18BE071C1E345B17001316A5 /* MenuAddImageCell.xib in Resources */,
				188D30EE1E31B2A4006F37F6 /* FirstCell.xib in Resources */,
				18BE070F1E34485A001316A5 /* FirstData.plist in Resources */,
				188D30D91E31B127006F37F6 /* Main.storyboard in Resources */,
				188D31031E31B5D8006F37F6 /* 9.jpg in Resources */,
				188D30FB1E31B5D8006F37F6 /* 10.jpg in Resources */,
				188D30FE1E31B5D8006F37F6 /* 4.jpg in Resources */,
				18BE071E1E345B17001316A5 /* MenuAddTextCell.xib in Resources */,
				18BE07111E3454B8001316A5 /* 7.jpg in Resources */,
				188D30FA1E31B5D8006F37F6 /* 1.jpg in Resources */,
				188D30FD1E31B5D8006F37F6 /* 3.jpg in Resources */,
			);
			runOnlyForDeploymentPostprocessing = 0;
		};
/* End PBXResourcesBuildPhase section */

/* Begin PBXSourcesBuildPhase section */
		188D30CA1E31B127006F37F6 /* Sources */ = {
			isa = PBXSourcesBuildPhase;
			buildActionMask = 2147483647;
			files = (
				188D31061E320257006F37F6 /* FourthViewController.swift in Sources */,
				188D30D61E31B127006F37F6 /* SecondViewController.swift in Sources */,
				188D30D21E31B127006F37F6 /* AppDelegate.swift in Sources */,
				18BE07141E34579E001316A5 /* BaseTableViewController.swift in Sources */,
				18BE07161E3457AD001316A5 /* BaseCell.swift in Sources */,
				18BE071D1E345B17001316A5 /* MenuAddTextCell.swift in Sources */,
				188D30ED1E31B2A4006F37F6 /* FirstCell.swift in Sources */,
				188D30E71E31B263006F37F6 /* ThirdViewController.swift in Sources */,
				188D30D41E31B127006F37F6 /* FirstViewController.swift in Sources */,
				18BE071B1E345B17001316A5 /* MenuAddImageCell.swift in Sources */,
			);
			runOnlyForDeploymentPostprocessing = 0;
		};
/* End PBXSourcesBuildPhase section */

/* Begin PBXVariantGroup section */
		188D30D71E31B127006F37F6 /* Main.storyboard */ = {
			isa = PBXVariantGroup;
			children = (
				188D30D81E31B127006F37F6 /* Base */,
			);
			name = Main.storyboard;
			sourceTree = "<group>";
		};
		188D30DC1E31B127006F37F6 /* LaunchScreen.storyboard */ = {
			isa = PBXVariantGroup;
			children = (
				188D30DD1E31B127006F37F6 /* Base */,
			);
			name = LaunchScreen.storyboard;
			sourceTree = "<group>";
		};
/* End PBXVariantGroup section */

/* Begin XCBuildConfiguration section */
		188D30E01E31B127006F37F6 /* Debug */ = {
			isa = XCBuildConfiguration;
			buildSettings = {
				ALWAYS_SEARCH_USER_PATHS = NO;
				CLANG_ANALYZER_NONNULL = YES;
				CLANG_CXX_LANGUAGE_STANDARD = "gnu++0x";
				CLANG_CXX_LIBRARY = "libc++";
				CLANG_ENABLE_MODULES = YES;
				CLANG_ENABLE_OBJC_ARC = YES;
				CLANG_WARN_BOOL_CONVERSION = YES;
				CLANG_WARN_CONSTANT_CONVERSION = YES;
				CLANG_WARN_DIRECT_OBJC_ISA_USAGE = YES_ERROR;
				CLANG_WARN_DOCUMENTATION_COMMENTS = YES;
				CLANG_WARN_EMPTY_BODY = YES;
				CLANG_WARN_ENUM_CONVERSION = YES;
				CLANG_WARN_INFINITE_RECURSION = YES;
				CLANG_WARN_INT_CONVERSION = YES;
				CLANG_WARN_OBJC_ROOT_CLASS = YES_ERROR;
				CLANG_WARN_SUSPICIOUS_MOVE = YES;
				CLANG_WARN_UNREACHABLE_CODE = YES;
				CLANG_WARN__DUPLICATE_METHOD_MATCH = YES;
				"CODE_SIGN_IDENTITY[sdk=iphoneos*]" = "iPhone Developer";
				COPY_PHASE_STRIP = NO;
				DEBUG_INFORMATION_FORMAT = dwarf;
				ENABLE_STRICT_OBJC_MSGSEND = YES;
				ENABLE_TESTABILITY = YES;
				GCC_C_LANGUAGE_STANDARD = gnu99;
				GCC_DYNAMIC_NO_PIC = NO;
				GCC_NO_COMMON_BLOCKS = YES;
				GCC_OPTIMIZATION_LEVEL = 0;
				GCC_PREPROCESSOR_DEFINITIONS = (
					"DEBUG=1",
					"$(inherited)",
				);
				GCC_WARN_64_TO_32_BIT_CONVERSION = YES;
				GCC_WARN_ABOUT_RETURN_TYPE = YES_ERROR;
				GCC_WARN_UNDECLARED_SELECTOR = YES;
				GCC_WARN_UNINITIALIZED_AUTOS = YES_AGGRESSIVE;
				GCC_WARN_UNUSED_FUNCTION = YES;
				GCC_WARN_UNUSED_VARIABLE = YES;
				IPHONEOS_DEPLOYMENT_TARGET = 10.2;
				MTL_ENABLE_DEBUG_INFO = YES;
				ONLY_ACTIVE_ARCH = YES;
				SDKROOT = iphoneos;
				SWIFT_ACTIVE_COMPILATION_CONDITIONS = DEBUG;
				SWIFT_OPTIMIZATION_LEVEL = "-Onone";
				TARGETED_DEVICE_FAMILY = "1,2";
			};
			name = Debug;
		};
		188D30E11E31B127006F37F6 /* Release */ = {
			isa = XCBuildConfiguration;
			buildSettings = {
				ALWAYS_SEARCH_USER_PATHS = NO;
				CLANG_ANALYZER_NONNULL = YES;
				CLANG_CXX_LANGUAGE_STANDARD = "gnu++0x";
				CLANG_CXX_LIBRARY = "libc++";
				CLANG_ENABLE_MODULES = YES;
				CLANG_ENABLE_OBJC_ARC = YES;
				CLANG_WARN_BOOL_CONVERSION = YES;
				CLANG_WARN_CONSTANT_CONVERSION = YES;
				CLANG_WARN_DIRECT_OBJC_ISA_USAGE = YES_ERROR;
				CLANG_WARN_DOCUMENTATION_COMMENTS = YES;
				CLANG_WARN_EMPTY_BODY = YES;
				CLANG_WARN_ENUM_CONVERSION = YES;
				CLANG_WARN_INFINITE_RECURSION = YES;
				CLANG_WARN_INT_CONVERSION = YES;
				CLANG_WARN_OBJC_ROOT_CLASS = YES_ERROR;
				CLANG_WARN_SUSPICIOUS_MOVE = YES;
				CLANG_WARN_UNREACHABLE_CODE = YES;
				CLANG_WARN__DUPLICATE_METHOD_MATCH = YES;
				"CODE_SIGN_IDENTITY[sdk=iphoneos*]" = "iPhone Developer";
				COPY_PHASE_STRIP = NO;
				DEBUG_INFORMATION_FORMAT = "dwarf-with-dsym";
				ENABLE_NS_ASSERTIONS = NO;
				ENABLE_STRICT_OBJC_MSGSEND = YES;
				GCC_C_LANGUAGE_STANDARD = gnu99;
				GCC_NO_COMMON_BLOCKS = YES;
				GCC_WARN_64_TO_32_BIT_CONVERSION = YES;
				GCC_WARN_ABOUT_RETURN_TYPE = YES_ERROR;
				GCC_WARN_UNDECLARED_SELECTOR = YES;
				GCC_WARN_UNINITIALIZED_AUTOS = YES_AGGRESSIVE;
				GCC_WARN_UNUSED_FUNCTION = YES;
				GCC_WARN_UNUSED_VARIABLE = YES;
				IPHONEOS_DEPLOYMENT_TARGET = 10.2;
				MTL_ENABLE_DEBUG_INFO = NO;
				SDKROOT = iphoneos;
				SWIFT_OPTIMIZATION_LEVEL = "-Owholemodule";
				TARGETED_DEVICE_FAMILY = "1,2";
				VALIDATE_PRODUCT = YES;
			};
			name = Release;
		};
		188D30E31E31B127006F37F6 /* Debug */ = {
			isa = XCBuildConfiguration;
			buildSettings = {
				ASSETCATALOG_COMPILER_APPICON_NAME = AppIcon;
				DEVELOPMENT_TEAM = 85B847V8ZH;
				INFOPLIST_FILE = AutolayoutTableView/Info.plist;
				LD_RUNPATH_SEARCH_PATHS = "$(inherited) @executable_path/Frameworks";
				PRODUCT_BUNDLE_IDENTIFIER = com.yidian.AutolayoutTableView;
				PRODUCT_NAME = "$(TARGET_NAME)";
				SWIFT_VERSION = 3.0;
			};
			name = Debug;
		};
		188D30E41E31B127006F37F6 /* Release */ = {
			isa = XCBuildConfiguration;
			buildSettings = {
				ASSETCATALOG_COMPILER_APPICON_NAME = AppIcon;
				DEVELOPMENT_TEAM = 85B847V8ZH;
				INFOPLIST_FILE = AutolayoutTableView/Info.plist;
				LD_RUNPATH_SEARCH_PATHS = "$(inherited) @executable_path/Frameworks";
				PRODUCT_BUNDLE_IDENTIFIER = com.yidian.AutolayoutTableView;
				PRODUCT_NAME = "$(TARGET_NAME)";
				SWIFT_VERSION = 3.0;
			};
			name = Release;
		};
/* End XCBuildConfiguration section */

/* Begin XCConfigurationList section */
		188D30C91E31B127006F37F6 /* Build configuration list for PBXProject "AutolayoutTableView" */ = {
			isa = XCConfigurationList;
			buildConfigurations = (
				188D30E01E31B127006F37F6 /* Debug */,
				188D30E11E31B127006F37F6 /* Release */,
			);
			defaultConfigurationIsVisible = 0;
			defaultConfigurationName = Release;
		};
		188D30E21E31B127006F37F6 /* Build configuration list for PBXNativeTarget "AutolayoutTableView" */ = {
			isa = XCConfigurationList;
			buildConfigurations = (
				188D30E31E31B127006F37F6 /* Debug */,
				188D30E41E31B127006F37F6 /* Release */,
			);
			defaultConfigurationIsVisible = 0;
			defaultConfigurationName = Release;
		};
/* End XCConfigurationList section */
	};
	rootObject = 188D30C61E31B127006F37F6 /* Project object */;
}
